// !$*UTF8*$!
{
	archiveVersion = 1;
	classes = {
	};
	objectVersion = 50;
	objects = {

/* Begin PBXBuildFile section */
		C32E3F462688BD1D00B37DC6 /* sas_kitchenApp.swift in Sources */ = {isa = PBXBuildFile; fileRef = C32E3F452688BD1D00B37DC6 /* sas_kitchenApp.swift */; };
		C32E3F482688BD1D00B37DC6 /* ContentView.swift in Sources */ = {isa = PBXBuildFile; fileRef = C32E3F472688BD1D00B37DC6 /* ContentView.swift */; };
		C32E3F4A2688BD1E00B37DC6 /* Assets.xcassets in Resources */ = {isa = PBXBuildFile; fileRef = C32E3F492688BD1E00B37DC6 /* Assets.xcassets */; };
		C32E3F4D2688BD1E00B37DC6 /* Preview Assets.xcassets in Resources */ = {isa = PBXBuildFile; fileRef = C32E3F4C2688BD1E00B37DC6 /* Preview Assets.xcassets */; };
		C32E3F562688C73600B37DC6 /* sasKitchen.swift in Sources */ = {isa = PBXBuildFile; fileRef = C32E3F552688C73600B37DC6 /* sasKitchen.swift */; };
		C32E3F592688D54A00B37DC6 /* sasKitchenDetailView.swift in Sources */ = {isa = PBXBuildFile; fileRef = C32E3F582688D54A00B37DC6 /* sasKitchenDetailView.swift */; };
/* End PBXBuildFile section */

/* Begin PBXFileReference section */
		C32E3F422688BD1D00B37DC6 /* sas_kitchen.app */ = {isa = PBXFileReference; explicitFileType = wrapper.application; includeInIndex = 0; path = sas_kitchen.app; sourceTree = BUILT_PRODUCTS_DIR; };
		C32E3F452688BD1D00B37DC6 /* sas_kitchenApp.swift */ = {isa = PBXFileReference; lastKnownFileType = sourcecode.swift; path = sas_kitchenApp.swift; sourceTree = "<group>"; };
		C32E3F472688BD1D00B37DC6 /* ContentView.swift */ = {isa = PBXFileReference; lastKnownFileType = sourcecode.swift; path = ContentView.swift; sourceTree = "<group>"; };
		C32E3F492688BD1E00B37DC6 /* Assets.xcassets */ = {isa = PBXFileReference; lastKnownFileType = folder.assetcatalog; path = Assets.xcassets; sourceTree = "<group>"; };
		C32E3F4C2688BD1E00B37DC6 /* Preview Assets.xcassets */ = {isa = PBXFileReference; lastKnownFileType = folder.assetcatalog; path = "Preview Assets.xcassets"; sourceTree = "<group>"; };
		C32E3F4E2688BD1E00B37DC6 /* Info.plist */ = {isa = PBXFileReference; lastKnownFileType = text.plist.xml; path = Info.plist; sourceTree = "<group>"; };
		C32E3F552688C73600B37DC6 /* sasKitchen.swift */ = {isa = PBXFileReference; lastKnownFileType = sourcecode.swift; path = sasKitchen.swift; sourceTree = "<group>"; };
		C32E3F582688D54A00B37DC6 /* sasKitchenDetailView.swift */ = {isa = PBXFileReference; lastKnownFileType = sourcecode.swift; path = sasKitchenDetailView.swift; sourceTree = "<group>"; };
/* End PBXFileReference section */

/* Begin PBXFrameworksBuildPhase section */
		C32E3F3F2688BD1D00B37DC6 /* Frameworks */ = {
			isa = PBXFrameworksBuildPhase;
			buildActionMask = 2147483647;
			files = (
			);
			runOnlyForDeploymentPostprocessing = 0;
		};
/* End PBXFrameworksBuildPhase section */

/* Begin PBXGroup section */
		C32E3F392688BD1D00B37DC6 = {
			isa = PBXGroup;
			children = (
				C32E3F442688BD1D00B37DC6 /* sas_kitchen */,
				C32E3F432688BD1D00B37DC6 /* Products */,
			);
			sourceTree = "<group>";
		};
		C32E3F432688BD1D00B37DC6 /* Products */ = {
			isa = PBXGroup;
			children = (
				C32E3F422688BD1D00B37DC6 /* sas_kitchen.app */,
			);
			name = Products;
			sourceTree = "<group>";
		};
		C32E3F442688BD1D00B37DC6 /* sas_kitchen */ = {
			isa = PBXGroup;
			children = (
				C32E3F452688BD1D00B37DC6 /* sas_kitchenApp.swift */,
				C32E3F472688BD1D00B37DC6 /* ContentView.swift */,
				C32E3F582688D54A00B37DC6 /* sasKitchenDetailView.swift */,
				C32E3F552688C73600B37DC6 /* sasKitchen.swift */,
				C32E3F492688BD1E00B37DC6 /* Assets.xcassets */,
				C32E3F4E2688BD1E00B37DC6 /* Info.plist */,
				C32E3F4B2688BD1E00B37DC6 /* Preview Content */,
			);
			path = sas_kitchen;
			sourceTree = "<group>";
		};
		C32E3F4B2688BD1E00B37DC6 /* Preview Content */ = {
			isa = PBXGroup;
			children = (
				C32E3F4C2688BD1E00B37DC6 /* Preview Assets.xcassets */,
			);
			path = "Preview Content";
			sourceTree = "<group>";
		};
/* End PBXGroup section */

/* Begin PBXNativeTarget section */
		C32E3F412688BD1D00B37DC6 /* sas_kitchen */ = {
			isa = PBXNativeTarget;
			buildConfigurationList = C32E3F512688BD1E00B37DC6 /* Build configuration list for PBXNativeTarget "sas_kitchen" */;
			buildPhases = (
				C32E3F3E2688BD1D00B37DC6 /* Sources */,
				C32E3F3F2688BD1D00B37DC6 /* Frameworks */,
				C32E3F402688BD1D00B37DC6 /* Resources */,
			);
			buildRules = (
			);
			dependencies = (
			);
			name = sas_kitchen;
			productName = sas_kitchen;
			productReference = C32E3F422688BD1D00B37DC6 /* sas_kitchen.app */;
			productType = "com.apple.product-type.application";
		};
/* End PBXNativeTarget section */

/* Begin PBXProject section */
		C32E3F3A2688BD1D00B37DC6 /* Project object */ = {
			isa = PBXProject;
			attributes = {
				LastSwiftUpdateCheck = 1240;
				LastUpgradeCheck = 1240;
				TargetAttributes = {
					C32E3F412688BD1D00B37DC6 = {
						CreatedOnToolsVersion = 12.4;
					};
				};
			};
			buildConfigurationList = C32E3F3D2688BD1D00B37DC6 /* Build configuration list for PBXProject "sas_kitchen" */;
			compatibilityVersion = "Xcode 9.3";
			developmentRegion = en;
			hasScannedForEncodings = 0;
			knownRegions = (
				en,
				Base,
			);
			mainGroup = C32E3F392688BD1D00B37DC6;
			productRefGroup = C32E3F432688BD1D00B37DC6 /* Products */;
			projectDirPath = "";
			projectRoot = "";
			targets = (
				C32E3F412688BD1D00B37DC6 /* sas_kitchen */,
			);
		};
/* End PBXProject section */

/* Begin PBXResourcesBuildPhase section */
		C32E3F402688BD1D00B37DC6 /* Resources */ = {
			isa = PBXResourcesBuildPhase;
			buildActionMask = 2147483647;
			files = (
				C32E3F4D2688BD1E00B37DC6 /* Preview Assets.xcassets in Resources */,
				C32E3F4A2688BD1E00B37DC6 /* Assets.xcassets in Resources */,
			);
			runOnlyForDeploymentPostprocessing = 0;
		};
/* End PBXResourcesBuildPhase section */

/* Begin PBXSourcesBuildPhase section */
		C32E3F3E2688BD1D00B37DC6 /* Sources */ = {
			isa = PBXSourcesBuildPhase;
			buildActionMask = 2147483647;
			files = (
				C32E3F592688D54A00B37DC6 /* sasKitchenDetailView.swift in Sources */,
				C32E3F482688BD1D00B37DC6 /* ContentView.swift in Sources */,
				C32E3F462688BD1D00B37DC6 /* sas_kitchenApp.swift in Sources */,
				C32E3F562688C73600B37DC6 /* sasKitchen.swift in Sources */,
			);
			runOnlyForDeploymentPostprocessing = 0;
		};
/* End PBXSourcesBuildPhase section */

/* Begin XCBuildConfiguration section */
		C32E3F4F2688BD1E00B37DC6 /* Debug */ = {
			isa = XCBuildConfiguration;
			buildSettings = {
				ALWAYS_SEARCH_USER_PATHS = NO;
				CLANG_ANALYZER_NONNULL = YES;
				CLANG_ANALYZER_NUMBER_OBJECT_CONVERSION = YES_AGGRESSIVE;
				CLANG_CXX_LANGUAGE_STANDARD = "gnu++14";
				CLANG_CXX_LIBRARY = "libc++";
				CLANG_ENABLE_MODULES = YES;
				CLANG_ENABLE_OBJC_ARC = YES;
				CLANG_ENABLE_OBJC_WEAK = YES;
				CLANG_WARN_BLOCK_CAPTURE_AUTORELEASING = YES;
				CLANG_WARN_BOOL_CONVERSION = YES;
				CLANG_WARN_COMMA = YES;
				CLANG_WARN_CONSTANT_CONVERSION = YES;
				CLANG_WARN_DEPRECATED_OBJC_IMPLEMENTATIONS = YES;
				CLANG_WARN_DIRECT_OBJC_ISA_USAGE = YES_ERROR;
				CLANG_WARN_DOCUMENTATION_COMMENTS = YES;
				CLANG_WARN_EMPTY_BODY = YES;
				CLANG_WARN_ENUM_CONVERSION = YES;
				CLANG_WARN_INFINITE_RECURSION = YES;
				CLANG_WARN_INT_CONVERSION = YES;
				CLANG_WARN_NON_LITERAL_NULL_CONVERSION = YES;
				CLANG_WARN_OBJC_IMPLICIT_RETAIN_SELF = YES;
				CLANG_WARN_OBJC_LITERAL_CONVERSION = YES;
				CLANG_WARN_OBJC_ROOT_CLASS = YES_ERROR;
				CLANG_WARN_QUOTED_INCLUDE_IN_FRAMEWORK_HEADER = YES;
				CLANG_WARN_RANGE_LOOP_ANALYSIS = YES;
				CLANG_WARN_STRICT_PROTOTYPES = YES;
				CLANG_WARN_SUSPICIOUS_MOVE = YES;
				CLANG_WARN_UNGUARDED_AVAILABILITY = YES_AGGRESSIVE;
				CLANG_WARN_UNREACHABLE_CODE = YES;
				CLANG_WARN__DUPLICATE_METHOD_MATCH = YES;
				COPY_PHASE_STRIP = NO;
				DEBUG_INFORMATION_FORMAT = dwarf;
				ENABLE_STRICT_OBJC_MSGSEND = YES;
				ENABLE_TESTABILITY = YES;
				GCC_C_LANGUAGE_STANDARD = gnu11;
				GCC_DYNAMIC_NO_PIC = NO;
				GCC_NO_COMMON_BLOCKS = YES;
				GCC_OPTIMIZATION_LEVEL = 0;
				GCC_PREPROCESSOR_DEFINITIONS = (
					"DEBUG=1",
					"$(inherited)",
				);
				GCC_WARN_64_TO_32_BIT_CONVERSION = YES;
				GCC_WARN_ABOUT_RETURN_TYPE = YES_ERROR;
				GCC_WARN_UNDECLARED_SELECTOR = YES;
				GCC_WARN_UNINITIALIZED_AUTOS = YES_AGGRESSIVE;
				GCC_WARN_UNUSED_FUNCTION = YES;
				GCC_WARN_UNUSED_VARIABLE = YES;
				IPHONEOS_DEPLOYMENT_TARGET = 14.4;
				MTL_ENABLE_DEBUG_INFO = INCLUDE_SOURCE;
				MTL_FAST_MATH = YES;
				ONLY_ACTIVE_ARCH = YES;
				SDKROOT = iphoneos;
				SWIFT_ACTIVE_COMPILATION_CONDITIONS = DEBUG;
				SWIFT_OPTIMIZATION_LEVEL = "-Onone";
			};
			name = Debug;
		};
		C32E3F502688BD1E00B37DC6 /* Release */ = {
			isa = XCBuildConfiguration;
			buildSettings = {
				ALWAYS_SEARCH_USER_PATHS = NO;
				CLANG_ANALYZER_NONNULL = YES;
				CLANG_ANALYZER_NUMBER_OBJECT_CONVERSION = YES_AGGRESSIVE;
				CLANG_CXX_LANGUAGE_STANDARD = "gnu++14";
				CLANG_CXX_LIBRARY = "libc++";
				CLANG_ENABLE_MODULES = YES;
				CLANG_ENABLE_OBJC_ARC = YES;
				CLANG_ENABLE_OBJC_WEAK = YES;
				CLANG_WARN_BLOCK_CAPTURE_AUTORELEASING = YES;
				CLANG_WARN_BOOL_CONVERSION = YES;
				CLANG_WARN_COMMA = YES;
				CLANG_WARN_CONSTANT_CONVERSION = YES;
				CLANG_WARN_DEPRECATED_OBJC_IMPLEMENTATIONS = YES;
				CLANG_WARN_DIRECT_OBJC_ISA_USAGE = YES_ERROR;
				CLANG_WARN_DOCUMENTATION_COMMENTS = YES;
				CLANG_WARN_EMPTY_BODY = YES;
				CLANG_WARN_ENUM_CONVERSION = YES;
				CLANG_WARN_INFINITE_RECURSION = YES;
				CLANG_WARN_INT_CONVERSION = YES;
				CLANG_WARN_NON_LITERAL_NULL_CONVERSION = YES;
				CLANG_WARN_OBJC_IMPLICIT_RETAIN_SELF = YES;
				CLANG_WARN_OBJC_LITERAL_CONVERSION = YES;
				CLANG_WARN_OBJC_ROOT_CLASS = YES_ERROR;
				CLANG_WARN_QUOTED_INCLUDE_IN_FRAMEWORK_HEADER = YES;
				CLANG_WARN_RANGE_LOOP_ANALYSIS = YES;
				CLANG_WARN_STRICT_PROTOTYPES = YES;
				CLANG_WARN_SUSPICIOUS_MOVE = YES;
				CLANG_WARN_UNGUARDED_AVAILABILITY = YES_AGGRESSIVE;
				CLANG_WARN_UNREACHABLE_CODE = YES;
				CLANG_WARN__DUPLICATE_METHOD_MATCH = YES;
				COPY_PHASE_STRIP = NO;
				DEBUG_INFORMATION_FORMAT = "dwarf-with-dsym";
				ENABLE_NS_ASSERTIONS = NO;
				ENABLE_STRICT_OBJC_MSGSEND = YES;
				GCC_C_LANGUAGE_STANDARD = gnu11;
				GCC_NO_COMMON_BLOCKS = YES;
				GCC_WARN_64_TO_32_BIT_CONVERSION = YES;
				GCC_WARN_ABOUT_RETURN_TYPE = YES_ERROR;
				GCC_WARN_UNDECLARED_SELECTOR = YES;
				GCC_WARN_UNINITIALIZED_AUTOS = YES_AGGRESSIVE;
				GCC_WARN_UNUSED_FUNCTION = YES;
				GCC_WARN_UNUSED_VARIABLE = YES;
				IPHONEOS_DEPLOYMENT_TARGET = 14.4;
				MTL_ENABLE_DEBUG_INFO = NO;
				MTL_FAST_MATH = YES;
				SDKROOT = iphoneos;
				SWIFT_COMPILATION_MODE = wholemodule;
				SWIFT_OPTIMIZATION_LEVEL = "-O";
				VALIDATE_PRODUCT = YES;
			};
			name = Release;
		};
		C32E3F522688BD1E00B37DC6 /* Debug */ = {
			isa = XCBuildConfiguration;
			buildSettings = {
				ASSETCATALOG_COMPILER_APPICON_NAME = AppIcon;
				ASSETCATALOG_COMPILER_GLOBAL_ACCENT_COLOR_NAME = AccentColor;
				CODE_SIGN_STYLE = Automatic;
				DEVELOPMENT_ASSET_PATHS = "\"sas_kitchen/Preview Content\"";
				DEVELOPMENT_TEAM = D24MMCL3G5;
				ENABLE_PREVIEWS = YES;
				INFOPLIST_FILE = sas_kitchen/Info.plist;
				IPHONEOS_DEPLOYMENT_TARGET = 14.0;
				LD_RUNPATH_SEARCH_PATHS = (
					"$(inherited)",
					"@executable_path/Frameworks",
				);
				PRODUCT_BUNDLE_IDENTIFIER = "rs7.sas-kitchen";
				PRODUCT_NAME = "$(TARGET_NAME)";
				SWIFT_VERSION = 5.0;
				TARGETED_DEVICE_FAMILY = "1,2";
			};
			name = Debug;
		};
		C32E3F532688BD1E00B37DC6 /* Release */ = {
			isa = XCBuildConfiguration;
			buildSettings = {
				ASSETCATALOG_COMPILER_APPICON_NAME = AppIcon;
				ASSETCATALOG_COMPILER_GLOBAL_ACCENT_COLOR_NAME = AccentColor;
				CODE_SIGN_STYLE = Automatic;
				DEVELOPMENT_ASSET_PATHS = "\"sas_kitchen/Preview Content\"";
				DEVELOPMENT_TEAM = D24MMCL3G5;
				ENABLE_PREVIEWS = YES;
				INFOPLIST_FILE = sas_kitchen/Info.plist;
				IPHONEOS_DEPLOYMENT_TARGET = 14.0;
				LD_RUNPATH_SEARCH_PATHS = (
					"$(inherited)",
					"@executable_path/Frameworks",
				);
				PRODUCT_BUNDLE_IDENTIFIER = "rs7.sas-kitchen";
				PRODUCT_NAME = "$(TARGET_NAME)";
				SWIFT_VERSION = 5.0;
				TARGETED_DEVICE_FAMILY = "1,2";
			};
			name = Release;
		};
/* End XCBuildConfiguration section */

/* Begin XCConfigurationList section */
		C32E3F3D2688BD1D00B37DC6 /* Build configuration list for PBXProject "sas_kitchen" */ = {
			isa = XCConfigurationList;
			buildConfigurations = (
				C32E3F4F2688BD1E00B37DC6 /* Debug */,
				C32E3F502688BD1E00B37DC6 /* Release */,
			);
			defaultConfigurationIsVisible = 0;
			defaultConfigurationName = Release;
		};
		C32E3F512688BD1E00B37DC6 /* Build configuration list for PBXNativeTarget "sas_kitchen" */ = {
			isa = XCConfigurationList;
			buildConfigurations = (
				C32E3F522688BD1E00B37DC6 /* Debug */,
				C32E3F532688BD1E00B37DC6 /* Release */,
			);
			defaultConfigurationIsVisible = 0;
			defaultConfigurationName = Release;
		};
/* End XCConfigurationList section */
	};
	rootObject = C32E3F3A2688BD1D00B37DC6 /* Project object */;
}
